
Microsoft Visual Studio Solution File, Format Version 12.00
# Visual Studio Version 16
VisualStudioVersion = 16.0.30711.63
MinimumVisualStudioVersion = 10.0.40219.1
Project("{FAE04EC0-301F-11D3-BF4B-00C04F79EFBC}") = "Keylog", "Keylog.csproj", "{450E85D6-AF1A-44B6-BA2D-330E07A6993E}"
EndProject
Global
	GlobalSection(SolutionConfigurationPlatforms) = preSolution
		Debug|Any CPU = Debug|Any CPU
		Release|Any CPU = Release|Any CPU
	EndGlobalSection
	GlobalSection(ProjectConfigurationPlatforms) = postSolution
		{450E85D6-AF1A-44B6-BA2D-330E07A6993E}.Debug|Any CPU.ActiveCfg = Debug|Any CPU
		{450E85D6-AF1A-44B6-BA2D-330E07A6993E}.Debug|Any CPU.Build.0 = Debug|Any CPU
		{450E85D6-AF1A-44B6-BA2D-330E07A6993E}.Release|Any CPU.ActiveCfg = Release|Any CPU
		{450E85D6-AF1A-44B6-BA2D-330E07A6993E}.Release|Any CPU.Build.0 = Release|Any CPU
	EndGlobalSection
	GlobalSection(SolutionProperties) = preSolution
		HideSolutionNode = FALSE
	EndGlobalSection
	GlobalSection(ExtensibilityGlobals) = postSolution
		SolutionGuid = {9D73B007-D5AF-491F-A101-DA6C4BEAC871}
	EndGlobalSection
EndGlobal
